// !$*UTF8*$!
{
	archiveVersion = 1;
	classes = {
	};
	objectVersion = 46;
	objects = {

/* Begin PBXBuildFile section */
		613F8B801EF0DF7000C35F0C /* Anagrams.swift in Sources */ = {isa = PBXBuildFile; fileRef = 613F8B7F1EF0DF7000C35F0C /* Anagrams.swift */; };
		613F8B821EF0E0B800C35F0C /* LetterInventory.swift in Sources */ = {isa = PBXBuildFile; fileRef = 613F8B811EF0E0B800C35F0C /* LetterInventory.swift */; };
		613F8B861EF3AEEC00C35F0C /* dict3.txt in Resources */ = {isa = PBXBuildFile; fileRef = 613F8B831EF3AEEC00C35F0C /* dict3.txt */; };
		613F8B871EF3AEEC00C35F0C /* dict2.txt in Resources */ = {isa = PBXBuildFile; fileRef = 613F8B841EF3AEEC00C35F0C /* dict2.txt */; };
		613F8B881EF3AEEC00C35F0C /* dict1.txt in Resources */ = {isa = PBXBuildFile; fileRef = 613F8B851EF3AEEC00C35F0C /* dict1.txt */; };
		6148D3901EED010900E691AA /* AppDelegate.swift in Sources */ = {isa = PBXBuildFile; fileRef = 6148D38F1EED010900E691AA /* AppDelegate.swift */; };
		6148D3921EED010900E691AA /* ViewController.swift in Sources */ = {isa = PBXBuildFile; fileRef = 6148D3911EED010900E691AA /* ViewController.swift */; };
		6148D3951EED010900E691AA /* Main.storyboard in Resources */ = {isa = PBXBuildFile; fileRef = 6148D3931EED010900E691AA /* Main.storyboard */; };
		6148D3971EED010900E691AA /* Assets.xcassets in Resources */ = {isa = PBXBuildFile; fileRef = 6148D3961EED010900E691AA /* Assets.xcassets */; };
		6148D39A1EED010900E691AA /* LaunchScreen.storyboard in Resources */ = {isa = PBXBuildFile; fileRef = 6148D3981EED010900E691AA /* LaunchScreen.storyboard */; };
		802229E719ED8462E80B0549 /* Pods_Anagrams.framework in Frameworks */ = {isa = PBXBuildFile; fileRef = 15DD826E17AE3681DA1D20D0 /* Pods_Anagrams.framework */; };
/* End PBXBuildFile section */

/* Begin PBXFileReference section */
		15DD826E17AE3681DA1D20D0 /* Pods_Anagrams.framework */ = {isa = PBXFileReference; explicitFileType = wrapper.framework; includeInIndex = 0; path = Pods_Anagrams.framework; sourceTree = BUILT_PRODUCTS_DIR; };
		296646B081C50FFC05E9C8C2 /* Pods-Anagrams.release.xcconfig */ = {isa = PBXFileReference; includeInIndex = 1; lastKnownFileType = text.xcconfig; name = "Pods-Anagrams.release.xcconfig"; path = "Pods/Target Support Files/Pods-Anagrams/Pods-Anagrams.release.xcconfig"; sourceTree = "<group>"; };
		613F8B7F1EF0DF7000C35F0C /* Anagrams.swift */ = {isa = PBXFileReference; fileEncoding = 4; lastKnownFileType = sourcecode.swift; path = Anagrams.swift; sourceTree = "<group>"; };
		613F8B811EF0E0B800C35F0C /* LetterInventory.swift */ = {isa = PBXFileReference; fileEncoding = 4; lastKnownFileType = sourcecode.swift; path = LetterInventory.swift; sourceTree = "<group>"; };
		613F8B831EF3AEEC00C35F0C /* dict3.txt */ = {isa = PBXFileReference; fileEncoding = 4; lastKnownFileType = text; path = dict3.txt; sourceTree = "<group>"; };
		613F8B841EF3AEEC00C35F0C /* dict2.txt */ = {isa = PBXFileReference; fileEncoding = 4; lastKnownFileType = text; path = dict2.txt; sourceTree = "<group>"; };
		613F8B851EF3AEEC00C35F0C /* dict1.txt */ = {isa = PBXFileReference; fileEncoding = 4; lastKnownFileType = text; path = dict1.txt; sourceTree = "<group>"; };
		6148D38C1EED010900E691AA /* Anagrams.app */ = {isa = PBXFileReference; explicitFileType = wrapper.application; includeInIndex = 0; path = Anagrams.app; sourceTree = BUILT_PRODUCTS_DIR; };
		6148D38F1EED010900E691AA /* AppDelegate.swift */ = {isa = PBXFileReference; lastKnownFileType = sourcecode.swift; path = AppDelegate.swift; sourceTree = "<group>"; };
		6148D3911EED010900E691AA /* ViewController.swift */ = {isa = PBXFileReference; lastKnownFileType = sourcecode.swift; path = ViewController.swift; sourceTree = "<group>"; };
		6148D3941EED010900E691AA /* Base */ = {isa = PBXFileReference; lastKnownFileType = file.storyboard; name = Base; path = Base.lproj/Main.storyboard; sourceTree = "<group>"; };
		6148D3961EED010900E691AA /* Assets.xcassets */ = {isa = PBXFileReference; lastKnownFileType = folder.assetcatalog; path = Assets.xcassets; sourceTree = "<group>"; };
		6148D3991EED010900E691AA /* Base */ = {isa = PBXFileReference; lastKnownFileType = file.storyboard; name = Base; path = Base.lproj/LaunchScreen.storyboard; sourceTree = "<group>"; };
		6148D39B1EED010900E691AA /* Info.plist */ = {isa = PBXFileReference; lastKnownFileType = text.plist.xml; path = Info.plist; sourceTree = "<group>"; };
		BC5F0F4C8CB654B126AAFBA8 /* Pods-Anagrams.debug.xcconfig */ = {isa = PBXFileReference; includeInIndex = 1; lastKnownFileType = text.xcconfig; name = "Pods-Anagrams.debug.xcconfig"; path = "Pods/Target Support Files/Pods-Anagrams/Pods-Anagrams.debug.xcconfig"; sourceTree = "<group>"; };
/* End PBXFileReference section */

/* Begin PBXFrameworksBuildPhase section */
		6148D3891EED010900E691AA /* Frameworks */ = {
			isa = PBXFrameworksBuildPhase;
			buildActionMask = 2147483647;
			files = (
				802229E719ED8462E80B0549 /* Pods_Anagrams.framework in Frameworks */,
			);
			runOnlyForDeploymentPostprocessing = 0;
		};
/* End PBXFrameworksBuildPhase section */

/* Begin PBXGroup section */
		6148D3831EED010900E691AA = {
			isa = PBXGroup;
			children = (
				6148D38E1EED010900E691AA /* Anagrams */,
				6148D38D1EED010900E691AA /* Products */,
				826D6CB4DF050D6203149C2D /* Pods */,
				7A08D10242A0F923BE9F9BD1 /* Frameworks */,
			);
			sourceTree = "<group>";
		};
		6148D38D1EED010900E691AA /* Products */ = {
			isa = PBXGroup;
			children = (
				6148D38C1EED010900E691AA /* Anagrams.app */,
			);
			name = Products;
			sourceTree = "<group>";
		};
		6148D38E1EED010900E691AA /* Anagrams */ = {
			isa = PBXGroup;
			children = (
				613F8B851EF3AEEC00C35F0C /* dict1.txt */,
				613F8B841EF3AEEC00C35F0C /* dict2.txt */,
				613F8B831EF3AEEC00C35F0C /* dict3.txt */,
				613F8B7F1EF0DF7000C35F0C /* Anagrams.swift */,
				613F8B811EF0E0B800C35F0C /* LetterInventory.swift */,
				6148D3911EED010900E691AA /* ViewController.swift */,
				6148D38F1EED010900E691AA /* AppDelegate.swift */,
				6148D3931EED010900E691AA /* Main.storyboard */,
				6148D3961EED010900E691AA /* Assets.xcassets */,
				6148D3981EED010900E691AA /* LaunchScreen.storyboard */,
				6148D39B1EED010900E691AA /* Info.plist */,
			);
			path = Anagrams;
			sourceTree = "<group>";
		};
		7A08D10242A0F923BE9F9BD1 /* Frameworks */ = {
			isa = PBXGroup;
			children = (
				15DD826E17AE3681DA1D20D0 /* Pods_Anagrams.framework */,
			);
			name = Frameworks;
			sourceTree = "<group>";
		};
		826D6CB4DF050D6203149C2D /* Pods */ = {
			isa = PBXGroup;
			children = (
				BC5F0F4C8CB654B126AAFBA8 /* Pods-Anagrams.debug.xcconfig */,
				296646B081C50FFC05E9C8C2 /* Pods-Anagrams.release.xcconfig */,
			);
			name = Pods;
			sourceTree = "<group>";
		};
/* End PBXGroup section */

/* Begin PBXNativeTarget section */
		6148D38B1EED010900E691AA /* Anagrams */ = {
			isa = PBXNativeTarget;
			buildConfigurationList = 6148D39E1EED010900E691AA /* Build configuration list for PBXNativeTarget "Anagrams" */;
			buildPhases = (
				7CE011535511C7DDEDAF790A /* [CP] Check Pods Manifest.lock */,
				6148D3881EED010900E691AA /* Sources */,
				6148D3891EED010900E691AA /* Frameworks */,
				6148D38A1EED010900E691AA /* Resources */,
				977289709BA1A6E76A656F30 /* [CP] Embed Pods Frameworks */,
				CFF54234E22CD1AB0E41710B /* [CP] Copy Pods Resources */,
			);
			buildRules = (
			);
			dependencies = (
			);
			name = Anagrams;
			productName = Anagrams;
			productReference = 6148D38C1EED010900E691AA /* Anagrams.app */;
			productType = "com.apple.product-type.application";
		};
/* End PBXNativeTarget section */

/* Begin PBXProject section */
		6148D3841EED010900E691AA /* Project object */ = {
			isa = PBXProject;
			attributes = {
				LastSwiftUpdateCheck = 0830;
				LastUpgradeCheck = 0830;
				ORGANIZATIONNAME = "Sam Gehman";
				TargetAttributes = {
					6148D38B1EED010900E691AA = {
						CreatedOnToolsVersion = 8.3.2;
						DevelopmentTeam = 567KX7DD6P;
						ProvisioningStyle = Automatic;
					};
				};
			};
			buildConfigurationList = 6148D3871EED010900E691AA /* Build configuration list for PBXProject "Anagrams" */;
			compatibilityVersion = "Xcode 3.2";
			developmentRegion = English;
			hasScannedForEncodings = 0;
			knownRegions = (
				en,
				Base,
			);
			mainGroup = 6148D3831EED010900E691AA;
			productRefGroup = 6148D38D1EED010900E691AA /* Products */;
			projectDirPath = "";
			projectRoot = "";
			targets = (
				6148D38B1EED010900E691AA /* Anagrams */,
			);
		};
/* End PBXProject section */

/* Begin PBXResourcesBuildPhase section */
		6148D38A1EED010900E691AA /* Resources */ = {
			isa = PBXResourcesBuildPhase;
			buildActionMask = 2147483647;
			files = (
				6148D39A1EED010900E691AA /* LaunchScreen.storyboard in Resources */,
				6148D3971EED010900E691AA /* Assets.xcassets in Resources */,
				613F8B861EF3AEEC00C35F0C /* dict3.txt in Resources */,
				6148D3951EED010900E691AA /* Main.storyboard in Resources */,
				613F8B881EF3AEEC00C35F0C /* dict1.txt in Resources */,
				613F8B871EF3AEEC00C35F0C /* dict2.txt in Resources */,
			);
			runOnlyForDeploymentPostprocessing = 0;
		};
/* End PBXResourcesBuildPhase section */

/* Begin PBXShellScriptBuildPhase section */
		7CE011535511C7DDEDAF790A /* [CP] Check Pods Manifest.lock */ = {
			isa = PBXShellScriptBuildPhase;
			buildActionMask = 2147483647;
			files = (
			);
			inputPaths = (
			);
			name = "[CP] Check Pods Manifest.lock";
			outputPaths = (
			);
			runOnlyForDeploymentPostprocessing = 0;
			shellPath = /bin/sh;
			shellScript = "diff \"${PODS_PODFILE_DIR_PATH}/Podfile.lock\" \"${PODS_ROOT}/Manifest.lock\" > /dev/null\nif [ $? != 0 ] ; then\n    # print error to STDERR\n    echo \"error: The sandbox is not in sync with the Podfile.lock. Run 'pod install' or update your CocoaPods installation.\" >&2\n    exit 1\nfi\n";
			showEnvVarsInLog = 0;
		};
		977289709BA1A6E76A656F30 /* [CP] Embed Pods Frameworks */ = {
			isa = PBXShellScriptBuildPhase;
			buildActionMask = 2147483647;
			files = (
			);
			inputPaths = (
			);
			name = "[CP] Embed Pods Frameworks";
			outputPaths = (
			);
			runOnlyForDeploymentPostprocessing = 0;
			shellPath = /bin/sh;
			shellScript = "\"${SRCROOT}/Pods/Target Support Files/Pods-Anagrams/Pods-Anagrams-frameworks.sh\"\n";
			showEnvVarsInLog = 0;
		};
		CFF54234E22CD1AB0E41710B /* [CP] Copy Pods Resources */ = {
			isa = PBXShellScriptBuildPhase;
			buildActionMask = 2147483647;
			files = (
			);
			inputPaths = (
			);
			name = "[CP] Copy Pods Resources";
			outputPaths = (
			);
			runOnlyForDeploymentPostprocessing = 0;
			shellPath = /bin/sh;
			shellScript = "\"${SRCROOT}/Pods/Target Support Files/Pods-Anagrams/Pods-Anagrams-resources.sh\"\n";
			showEnvVarsInLog = 0;
		};
/* End PBXShellScriptBuildPhase section */

/* Begin PBXSourcesBuildPhase section */
		6148D3881EED010900E691AA /* Sources */ = {
			isa = PBXSourcesBuildPhase;
			buildActionMask = 2147483647;
			files = (
				613F8B801EF0DF7000C35F0C /* Anagrams.swift in Sources */,
				6148D3921EED010900E691AA /* ViewController.swift in Sources */,
				613F8B821EF0E0B800C35F0C /* LetterInventory.swift in Sources */,
				6148D3901EED010900E691AA /* AppDelegate.swift in Sources */,
			);
			runOnlyForDeploymentPostprocessing = 0;
		};
/* End PBXSourcesBuildPhase section */

/* Begin PBXVariantGroup section */
		6148D3931EED010900E691AA /* Main.storyboard */ = {
			isa = PBXVariantGroup;
			children = (
				6148D3941EED010900E691AA /* Base */,
			);
			name = Main.storyboard;
			sourceTree = "<group>";
		};
		6148D3981EED010900E691AA /* LaunchScreen.storyboard */ = {
			isa = PBXVariantGroup;
			children = (
				6148D3991EED010900E691AA /* Base */,
			);
			name = LaunchScreen.storyboard;
			sourceTree = "<group>";
		};
/* End PBXVariantGroup section */

/* Begin XCBuildConfiguration section */
		6148D39C1EED010900E691AA /* Debug */ = {
			isa = XCBuildConfiguration;
			buildSettings = {
				ALWAYS_SEARCH_USER_PATHS = NO;
				CLANG_ANALYZER_NONNULL = YES;
				CLANG_ANALYZER_NUMBER_OBJECT_CONVERSION = YES_AGGRESSIVE;
				CLANG_CXX_LANGUAGE_STANDARD = "gnu++0x";
				CLANG_CXX_LIBRARY = "libc++";
				CLANG_ENABLE_MODULES = YES;
				CLANG_ENABLE_OBJC_ARC = YES;
				CLANG_WARN_BOOL_CONVERSION = YES;
				CLANG_WARN_CONSTANT_CONVERSION = YES;
				CLANG_WARN_DIRECT_OBJC_ISA_USAGE = YES_ERROR;
				CLANG_WARN_DOCUMENTATION_COMMENTS = YES;
				CLANG_WARN_EMPTY_BODY = YES;
				CLANG_WARN_ENUM_CONVERSION = YES;
				CLANG_WARN_INFINITE_RECURSION = YES;
				CLANG_WARN_INT_CONVERSION = YES;
				CLANG_WARN_OBJC_ROOT_CLASS = YES_ERROR;
				CLANG_WARN_SUSPICIOUS_MOVE = YES;
				CLANG_WARN_UNREACHABLE_CODE = YES;
				CLANG_WARN__DUPLICATE_METHOD_MATCH = YES;
				"CODE_SIGN_IDENTITY[sdk=iphoneos*]" = "iPhone Developer";
				COPY_PHASE_STRIP = NO;
				DEBUG_INFORMATION_FORMAT = dwarf;
				ENABLE_STRICT_OBJC_MSGSEND = YES;
				ENABLE_TESTABILITY = YES;
				GCC_C_LANGUAGE_STANDARD = gnu99;
				GCC_DYNAMIC_NO_PIC = NO;
				GCC_NO_COMMON_BLOCKS = YES;
				GCC_OPTIMIZATION_LEVEL = 0;
				GCC_PREPROCESSOR_DEFINITIONS = (
					"DEBUG=1",
					"$(inherited)",
				);
				GCC_WARN_64_TO_32_BIT_CONVERSION = YES;
				GCC_WARN_ABOUT_RETURN_TYPE = YES_ERROR;
				GCC_WARN_UNDECLARED_SELECTOR = YES;
				GCC_WARN_UNINITIALIZED_AUTOS = YES_AGGRESSIVE;
				GCC_WARN_UNUSED_FUNCTION = YES;
				GCC_WARN_UNUSED_VARIABLE = YES;
				IPHONEOS_DEPLOYMENT_TARGET = 10.3;
				MTL_ENABLE_DEBUG_INFO = YES;
				ONLY_ACTIVE_ARCH = YES;
				SDKROOT = iphoneos;
				SWIFT_ACTIVE_COMPILATION_CONDITIONS = DEBUG;
				SWIFT_OPTIMIZATION_LEVEL = "-Onone";
			};
			name = Debug;
		};
		6148D39D1EED010900E691AA /* Release */ = {
			isa = XCBuildConfiguration;
			buildSettings = {
				ALWAYS_SEARCH_USER_PATHS = NO;
				CLANG_ANALYZER_NONNULL = YES;
				CLANG_ANALYZER_NUMBER_OBJECT_CONVERSION = YES_AGGRESSIVE;
				CLANG_CXX_LANGUAGE_STANDARD = "gnu++0x";
				CLANG_CXX_LIBRARY = "libc++";
				CLANG_ENABLE_MODULES = YES;
				CLANG_ENABLE_OBJC_ARC = YES;
				CLANG_WARN_BOOL_CONVERSION = YES;
				CLANG_WARN_CONSTANT_CONVERSION = YES;
				CLANG_WARN_DIRECT_OBJC_ISA_USAGE = YES_ERROR;
				CLANG_WARN_DOCUMENTATION_COMMENTS = YES;
				CLANG_WARN_EMPTY_BODY = YES;
				CLANG_WARN_ENUM_CONVERSION = YES;
				CLANG_WARN_INFINITE_RECURSION = YES;
				CLANG_WARN_INT_CONVERSION = YES;
				CLANG_WARN_OBJC_ROOT_CLASS = YES_ERROR;
				CLANG_WARN_SUSPICIOUS_MOVE = YES;
				CLANG_WARN_UNREACHABLE_CODE = YES;
				CLANG_WARN__DUPLICATE_METHOD_MATCH = YES;
				"CODE_SIGN_IDENTITY[sdk=iphoneos*]" = "iPhone Developer";
				COPY_PHASE_STRIP = NO;
				DEBUG_INFORMATION_FORMAT = "dwarf-with-dsym";
				ENABLE_NS_ASSERTIONS = NO;
				ENABLE_STRICT_OBJC_MSGSEND = YES;
				GCC_C_LANGUAGE_STANDARD = gnu99;
				GCC_NO_COMMON_BLOCKS = YES;
				GCC_WARN_64_TO_32_BIT_CONVERSION = YES;
				GCC_WARN_ABOUT_RETURN_TYPE = YES_ERROR;
				GCC_WARN_UNDECLARED_SELECTOR = YES;
				GCC_WARN_UNINITIALIZED_AUTOS = YES_AGGRESSIVE;
				GCC_WARN_UNUSED_FUNCTION = YES;
				GCC_WARN_UNUSED_VARIABLE = YES;
				IPHONEOS_DEPLOYMENT_TARGET = 10.3;
				MTL_ENABLE_DEBUG_INFO = NO;
				SDKROOT = iphoneos;
				SWIFT_OPTIMIZATION_LEVEL = "-Owholemodule";
				VALIDATE_PRODUCT = YES;
			};
			name = Release;
		};
		6148D39F1EED010900E691AA /* Debug */ = {
			isa = XCBuildConfiguration;
			baseConfigurationReference = BC5F0F4C8CB654B126AAFBA8 /* Pods-Anagrams.debug.xcconfig */;
			buildSettings = {
				ASSETCATALOG_COMPILER_APPICON_NAME = AppIcon;
				DEVELOPMENT_TEAM = 567KX7DD6P;
				INFOPLIST_FILE = Anagrams/Info.plist;
				LD_RUNPATH_SEARCH_PATHS = "$(inherited) @executable_path/Frameworks";
				PRODUCT_BUNDLE_IDENTIFIER = com.samgehman.Anagrams;
				PRODUCT_NAME = "$(TARGET_NAME)";
				SWIFT_VERSION = 3.0;
			};
			name = Debug;
		};
		6148D3A01EED010900E691AA /* Release */ = {
			isa = XCBuildConfiguration;
			baseConfigurationReference = 296646B081C50FFC05E9C8C2 /* Pods-Anagrams.release.xcconfig */;
			buildSettings = {
				ASSETCATALOG_COMPILER_APPICON_NAME = AppIcon;
				DEVELOPMENT_TEAM = 567KX7DD6P;
				INFOPLIST_FILE = Anagrams/Info.plist;
				LD_RUNPATH_SEARCH_PATHS = "$(inherited) @executable_path/Frameworks";
				PRODUCT_BUNDLE_IDENTIFIER = com.samgehman.Anagrams;
				PRODUCT_NAME = "$(TARGET_NAME)";
				SWIFT_VERSION = 3.0;
			};
			name = Release;
		};
/* End XCBuildConfiguration section */

/* Begin XCConfigurationList section */
		6148D3871EED010900E691AA /* Build configuration list for PBXProject "Anagrams" */ = {
			isa = XCConfigurationList;
			buildConfigurations = (
				6148D39C1EED010900E691AA /* Debug */,
				6148D39D1EED010900E691AA /* Release */,
			);
			defaultConfigurationIsVisible = 0;
			defaultConfigurationName = Release;
		};
		6148D39E1EED010900E691AA /* Build configuration list for PBXNativeTarget "Anagrams" */ = {
			isa = XCConfigurationList;
			buildConfigurations = (
				6148D39F1EED010900E691AA /* Debug */,
				6148D3A01EED010900E691AA /* Release */,
			);
			defaultConfigurationIsVisible = 0;
			defaultConfigurationName = Release;
		};
/* End XCConfigurationList section */
	};
	rootObject = 6148D3841EED010900E691AA /* Project object */;
}
